// !$*UTF8*$!
{
	archiveVersion = 1;
	classes = {
	};
	objectVersion = 46;
	objects = {

/* Begin PBXBuildFile section */
		D62A78691BE58718004D1058 /* WelcomeViewController.swift in Sources */ = {isa = PBXBuildFile; fileRef = D62A78681BE58718004D1058 /* WelcomeViewController.swift */; };
		D6B9E78F1BE0AF3800ABB126 /* AppDelegate.swift in Sources */ = {isa = PBXBuildFile; fileRef = D6B9E78E1BE0AF3800ABB126 /* AppDelegate.swift */; };
		D6B9E7911BE0AF3800ABB126 /* ViewController.swift in Sources */ = {isa = PBXBuildFile; fileRef = D6B9E7901BE0AF3800ABB126 /* ViewController.swift */; };
		D6B9E7941BE0AF3800ABB126 /* Main.storyboard in Resources */ = {isa = PBXBuildFile; fileRef = D6B9E7921BE0AF3800ABB126 /* Main.storyboard */; };
		D6B9E7961BE0AF3800ABB126 /* Assets.xcassets in Resources */ = {isa = PBXBuildFile; fileRef = D6B9E7951BE0AF3800ABB126 /* Assets.xcassets */; };
		D6B9E7991BE0AF3800ABB126 /* LaunchScreen.storyboard in Resources */ = {isa = PBXBuildFile; fileRef = D6B9E7971BE0AF3800ABB126 /* LaunchScreen.storyboard */; };
		D6B9E7A41BE0AF3800ABB126 /* CarouselTests.swift in Sources */ = {isa = PBXBuildFile; fileRef = D6B9E7A31BE0AF3800ABB126 /* CarouselTests.swift */; };
		D6B9E7AF1BE0AF3800ABB126 /* CarouselUITests.swift in Sources */ = {isa = PBXBuildFile; fileRef = D6B9E7AE1BE0AF3800ABB126 /* CarouselUITests.swift */; };
		D6B9E7BD1BE0B06D00ABB126 /* Common.swift in Sources */ = {isa = PBXBuildFile; fileRef = D6B9E7BC1BE0B06D00ABB126 /* Common.swift */; };
		D6B9E7BF1BE0B08B00ABB126 /* IntroViewController.swift in Sources */ = {isa = PBXBuildFile; fileRef = D6B9E7BE1BE0B08B00ABB126 /* IntroViewController.swift */; };
		D6B9E7C11BE1E17700ABB126 /* LoginViewController.swift in Sources */ = {isa = PBXBuildFile; fileRef = D6B9E7C01BE1E17700ABB126 /* LoginViewController.swift */; };
/* End PBXBuildFile section */

/* Begin PBXContainerItemProxy section */
		D6B9E7A01BE0AF3800ABB126 /* PBXContainerItemProxy */ = {
			isa = PBXContainerItemProxy;
			containerPortal = D6B9E7831BE0AF3800ABB126 /* Project object */;
			proxyType = 1;
			remoteGlobalIDString = D6B9E78A1BE0AF3800ABB126;
			remoteInfo = Carousel;
		};
		D6B9E7AB1BE0AF3800ABB126 /* PBXContainerItemProxy */ = {
			isa = PBXContainerItemProxy;
			containerPortal = D6B9E7831BE0AF3800ABB126 /* Project object */;
			proxyType = 1;
			remoteGlobalIDString = D6B9E78A1BE0AF3800ABB126;
			remoteInfo = Carousel;
		};
/* End PBXContainerItemProxy section */

/* Begin PBXFileReference section */
		D62A78681BE58718004D1058 /* WelcomeViewController.swift */ = {isa = PBXFileReference; fileEncoding = 4; lastKnownFileType = sourcecode.swift; path = WelcomeViewController.swift; sourceTree = "<group>"; };
		D6B9E78B1BE0AF3800ABB126 /* Carousel.app */ = {isa = PBXFileReference; explicitFileType = wrapper.application; includeInIndex = 0; path = Carousel.app; sourceTree = BUILT_PRODUCTS_DIR; };
		D6B9E78E1BE0AF3800ABB126 /* AppDelegate.swift */ = {isa = PBXFileReference; lastKnownFileType = sourcecode.swift; path = AppDelegate.swift; sourceTree = "<group>"; };
		D6B9E7901BE0AF3800ABB126 /* ViewController.swift */ = {isa = PBXFileReference; lastKnownFileType = sourcecode.swift; path = ViewController.swift; sourceTree = "<group>"; };
		D6B9E7931BE0AF3800ABB126 /* Base */ = {isa = PBXFileReference; lastKnownFileType = file.storyboard; name = Base; path = Base.lproj/Main.storyboard; sourceTree = "<group>"; };
		D6B9E7951BE0AF3800ABB126 /* Assets.xcassets */ = {isa = PBXFileReference; lastKnownFileType = folder.assetcatalog; path = Assets.xcassets; sourceTree = "<group>"; };
		D6B9E7981BE0AF3800ABB126 /* Base */ = {isa = PBXFileReference; lastKnownFileType = file.storyboard; name = Base; path = Base.lproj/LaunchScreen.storyboard; sourceTree = "<group>"; };
		D6B9E79A1BE0AF3800ABB126 /* Info.plist */ = {isa = PBXFileReference; lastKnownFileType = text.plist.xml; path = Info.plist; sourceTree = "<group>"; };
		D6B9E79F1BE0AF3800ABB126 /* CarouselTests.xctest */ = {isa = PBXFileReference; explicitFileType = wrapper.cfbundle; includeInIndex = 0; path = CarouselTests.xctest; sourceTree = BUILT_PRODUCTS_DIR; };
		D6B9E7A31BE0AF3800ABB126 /* CarouselTests.swift */ = {isa = PBXFileReference; lastKnownFileType = sourcecode.swift; path = CarouselTests.swift; sourceTree = "<group>"; };
		D6B9E7A51BE0AF3800ABB126 /* Info.plist */ = {isa = PBXFileReference; lastKnownFileType = text.plist.xml; path = Info.plist; sourceTree = "<group>"; };
		D6B9E7AA1BE0AF3800ABB126 /* CarouselUITests.xctest */ = {isa = PBXFileReference; explicitFileType = wrapper.cfbundle; includeInIndex = 0; path = CarouselUITests.xctest; sourceTree = BUILT_PRODUCTS_DIR; };
		D6B9E7AE1BE0AF3800ABB126 /* CarouselUITests.swift */ = {isa = PBXFileReference; lastKnownFileType = sourcecode.swift; path = CarouselUITests.swift; sourceTree = "<group>"; };
		D6B9E7B01BE0AF3800ABB126 /* Info.plist */ = {isa = PBXFileReference; lastKnownFileType = text.plist.xml; path = Info.plist; sourceTree = "<group>"; };
		D6B9E7BC1BE0B06D00ABB126 /* Common.swift */ = {isa = PBXFileReference; fileEncoding = 4; lastKnownFileType = sourcecode.swift; path = Common.swift; sourceTree = "<group>"; };
		D6B9E7BE1BE0B08B00ABB126 /* IntroViewController.swift */ = {isa = PBXFileReference; fileEncoding = 4; lastKnownFileType = sourcecode.swift; path = IntroViewController.swift; sourceTree = "<group>"; };
		D6B9E7C01BE1E17700ABB126 /* LoginViewController.swift */ = {isa = PBXFileReference; fileEncoding = 4; lastKnownFileType = sourcecode.swift; path = LoginViewController.swift; sourceTree = "<group>"; };
/* End PBXFileReference section */

/* Begin PBXFrameworksBuildPhase section */
		D6B9E7881BE0AF3800ABB126 /* Frameworks */ = {
			isa = PBXFrameworksBuildPhase;
			buildActionMask = 2147483647;
			files = (
			);
			runOnlyForDeploymentPostprocessing = 0;
		};
		D6B9E79C1BE0AF3800ABB126 /* Frameworks */ = {
			isa = PBXFrameworksBuildPhase;
			buildActionMask = 2147483647;
			files = (
			);
			runOnlyForDeploymentPostprocessing = 0;
		};
		D6B9E7A71BE0AF3800ABB126 /* Frameworks */ = {
			isa = PBXFrameworksBuildPhase;
			buildActionMask = 2147483647;
			files = (
			);
			runOnlyForDeploymentPostprocessing = 0;
		};
/* End PBXFrameworksBuildPhase section */

/* Begin PBXGroup section */
		D6B9E7821BE0AF3800ABB126 = {
			isa = PBXGroup;
			children = (
				D6B9E78D1BE0AF3800ABB126 /* Carousel */,
				D6B9E7A21BE0AF3800ABB126 /* CarouselTests */,
				D6B9E7AD1BE0AF3800ABB126 /* CarouselUITests */,
				D6B9E78C1BE0AF3800ABB126 /* Products */,
			);
			sourceTree = "<group>";
		};
		D6B9E78C1BE0AF3800ABB126 /* Products */ = {
			isa = PBXGroup;
			children = (
				D6B9E78B1BE0AF3800ABB126 /* Carousel.app */,
				D6B9E79F1BE0AF3800ABB126 /* CarouselTests.xctest */,
				D6B9E7AA1BE0AF3800ABB126 /* CarouselUITests.xctest */,
			);
			name = Products;
			sourceTree = "<group>";
		};
		D6B9E78D1BE0AF3800ABB126 /* Carousel */ = {
			isa = PBXGroup;
			children = (
				D6B9E78E1BE0AF3800ABB126 /* AppDelegate.swift */,
				D6B9E7901BE0AF3800ABB126 /* ViewController.swift */,
				D6B9E7BC1BE0B06D00ABB126 /* Common.swift */,
				D6B9E7921BE0AF3800ABB126 /* Main.storyboard */,
				D62A78681BE58718004D1058 /* WelcomeViewController.swift */,
				D6B9E7C01BE1E17700ABB126 /* LoginViewController.swift */,
				D6B9E7BE1BE0B08B00ABB126 /* IntroViewController.swift */,
				D6B9E7951BE0AF3800ABB126 /* Assets.xcassets */,
				D6B9E7971BE0AF3800ABB126 /* LaunchScreen.storyboard */,
				D6B9E79A1BE0AF3800ABB126 /* Info.plist */,
			);
			path = Carousel;
			sourceTree = "<group>";
		};
		D6B9E7A21BE0AF3800ABB126 /* CarouselTests */ = {
			isa = PBXGroup;
			children = (
				D6B9E7A31BE0AF3800ABB126 /* CarouselTests.swift */,
				D6B9E7A51BE0AF3800ABB126 /* Info.plist */,
			);
			path = CarouselTests;
			sourceTree = "<group>";
		};
		D6B9E7AD1BE0AF3800ABB126 /* CarouselUITests */ = {
			isa = PBXGroup;
			children = (
				D6B9E7AE1BE0AF3800ABB126 /* CarouselUITests.swift */,
				D6B9E7B01BE0AF3800ABB126 /* Info.plist */,
			);
			path = CarouselUITests;
			sourceTree = "<group>";
		};
/* End PBXGroup section */

/* Begin PBXNativeTarget section */
		D6B9E78A1BE0AF3800ABB126 /* Carousel */ = {
			isa = PBXNativeTarget;
			buildConfigurationList = D6B9E7B31BE0AF3800ABB126 /* Build configuration list for PBXNativeTarget "Carousel" */;
			buildPhases = (
				D6B9E7871BE0AF3800ABB126 /* Sources */,
				D6B9E7881BE0AF3800ABB126 /* Frameworks */,
				D6B9E7891BE0AF3800ABB126 /* Resources */,
			);
			buildRules = (
			);
			dependencies = (
			);
			name = Carousel;
			productName = Carousel;
			productReference = D6B9E78B1BE0AF3800ABB126 /* Carousel.app */;
			productType = "com.apple.product-type.application";
		};
		D6B9E79E1BE0AF3800ABB126 /* CarouselTests */ = {
			isa = PBXNativeTarget;
			buildConfigurationList = D6B9E7B61BE0AF3800ABB126 /* Build configuration list for PBXNativeTarget "CarouselTests" */;
			buildPhases = (
				D6B9E79B1BE0AF3800ABB126 /* Sources */,
				D6B9E79C1BE0AF3800ABB126 /* Frameworks */,
				D6B9E79D1BE0AF3800ABB126 /* Resources */,
			);
			buildRules = (
			);
			dependencies = (
				D6B9E7A11BE0AF3800ABB126 /* PBXTargetDependency */,
			);
			name = CarouselTests;
			productName = CarouselTests;
			productReference = D6B9E79F1BE0AF3800ABB126 /* CarouselTests.xctest */;
			productType = "com.apple.product-type.bundle.unit-test";
		};
		D6B9E7A91BE0AF3800ABB126 /* CarouselUITests */ = {
			isa = PBXNativeTarget;
			buildConfigurationList = D6B9E7B91BE0AF3800ABB126 /* Build configuration list for PBXNativeTarget "CarouselUITests" */;
			buildPhases = (
				D6B9E7A61BE0AF3800ABB126 /* Sources */,
				D6B9E7A71BE0AF3800ABB126 /* Frameworks */,
				D6B9E7A81BE0AF3800ABB126 /* Resources */,
			);
			buildRules = (
			);
			dependencies = (
				D6B9E7AC1BE0AF3800ABB126 /* PBXTargetDependency */,
			);
			name = CarouselUITests;
			productName = CarouselUITests;
			productReference = D6B9E7AA1BE0AF3800ABB126 /* CarouselUITests.xctest */;
			productType = "com.apple.product-type.bundle.ui-testing";
		};
/* End PBXNativeTarget section */

/* Begin PBXProject section */
		D6B9E7831BE0AF3800ABB126 /* Project object */ = {
			isa = PBXProject;
			attributes = {
				LastSwiftUpdateCheck = 0710;
				LastUpgradeCheck = 0710;
				ORGANIZATIONNAME = "Haihong Wang";
				TargetAttributes = {
					D6B9E78A1BE0AF3800ABB126 = {
						CreatedOnToolsVersion = 7.1;
					};
					D6B9E79E1BE0AF3800ABB126 = {
						CreatedOnToolsVersion = 7.1;
						TestTargetID = D6B9E78A1BE0AF3800ABB126;
					};
					D6B9E7A91BE0AF3800ABB126 = {
						CreatedOnToolsVersion = 7.1;
						TestTargetID = D6B9E78A1BE0AF3800ABB126;
					};
				};
			};
			buildConfigurationList = D6B9E7861BE0AF3800ABB126 /* Build configuration list for PBXProject "Carousel" */;
			compatibilityVersion = "Xcode 3.2";
			developmentRegion = English;
			hasScannedForEncodings = 0;
			knownRegions = (
				en,
				Base,
			);
			mainGroup = D6B9E7821BE0AF3800ABB126;
			productRefGroup = D6B9E78C1BE0AF3800ABB126 /* Products */;
			projectDirPath = "";
			projectRoot = "";
			targets = (
				D6B9E78A1BE0AF3800ABB126 /* Carousel */,
				D6B9E79E1BE0AF3800ABB126 /* CarouselTests */,
				D6B9E7A91BE0AF3800ABB126 /* CarouselUITests */,
			);
		};
/* End PBXProject section */

/* Begin PBXResourcesBuildPhase section */
		D6B9E7891BE0AF3800ABB126 /* Resources */ = {
			isa = PBXResourcesBuildPhase;
			buildActionMask = 2147483647;
			files = (
				D6B9E7991BE0AF3800ABB126 /* LaunchScreen.storyboard in Resources */,
				D6B9E7961BE0AF3800ABB126 /* Assets.xcassets in Resources */,
				D6B9E7941BE0AF3800ABB126 /* Main.storyboard in Resources */,
			);
			runOnlyForDeploymentPostprocessing = 0;
		};
		D6B9E79D1BE0AF3800ABB126 /* Resources */ = {
			isa = PBXResourcesBuildPhase;
			buildActionMask = 2147483647;
			files = (
			);
			runOnlyForDeploymentPostprocessing = 0;
		};
		D6B9E7A81BE0AF3800ABB126 /* Resources */ = {
			isa = PBXResourcesBuildPhase;
			buildActionMask = 2147483647;
			files = (
			);
			runOnlyForDeploymentPostprocessing = 0;
		};
/* End PBXResourcesBuildPhase section */

/* Begin PBXSourcesBuildPhase section */
		D6B9E7871BE0AF3800ABB126 /* Sources */ = {
			isa = PBXSourcesBuildPhase;
			buildActionMask = 2147483647;
			files = (
				D6B9E7911BE0AF3800ABB126 /* ViewController.swift in Sources */,
				D6B9E7BD1BE0B06D00ABB126 /* Common.swift in Sources */,
				D6B9E78F1BE0AF3800ABB126 /* AppDelegate.swift in Sources */,
				D62A78691BE58718004D1058 /* WelcomeViewController.swift in Sources */,
				D6B9E7C11BE1E17700ABB126 /* LoginViewController.swift in Sources */,
				D6B9E7BF1BE0B08B00ABB126 /* IntroViewController.swift in Sources */,
			);
			runOnlyForDeploymentPostprocessing = 0;
		};
		D6B9E79B1BE0AF3800ABB126 /* Sources */ = {
			isa = PBXSourcesBuildPhase;
			buildActionMask = 2147483647;
			files = (
				D6B9E7A41BE0AF3800ABB126 /* CarouselTests.swift in Sources */,
			);
			runOnlyForDeploymentPostprocessing = 0;
		};
		D6B9E7A61BE0AF3800ABB126 /* Sources */ = {
			isa = PBXSourcesBuildPhase;
			buildActionMask = 2147483647;
			files = (
				D6B9E7AF1BE0AF3800ABB126 /* CarouselUITests.swift in Sources */,
			);
			runOnlyForDeploymentPostprocessing = 0;
		};
/* End PBXSourcesBuildPhase section */

/* Begin PBXTargetDependency section */
		D6B9E7A11BE0AF3800ABB126 /* PBXTargetDependency */ = {
			isa = PBXTargetDependency;
			target = D6B9E78A1BE0AF3800ABB126 /* Carousel */;
			targetProxy = D6B9E7A01BE0AF3800ABB126 /* PBXContainerItemProxy */;
		};
		D6B9E7AC1BE0AF3800ABB126 /* PBXTargetDependency */ = {
			isa = PBXTargetDependency;
			target = D6B9E78A1BE0AF3800ABB126 /* Carousel */;
			targetProxy = D6B9E7AB1BE0AF3800ABB126 /* PBXContainerItemProxy */;
		};
/* End PBXTargetDependency section */

/* Begin PBXVariantGroup section */
		D6B9E7921BE0AF3800ABB126 /* Main.storyboard */ = {
			isa = PBXVariantGroup;
			children = (
				D6B9E7931BE0AF3800ABB126 /* Base */,
			);
			name = Main.storyboard;
			sourceTree = "<group>";
		};
		D6B9E7971BE0AF3800ABB126 /* LaunchScreen.storyboard */ = {
			isa = PBXVariantGroup;
			children = (
				D6B9E7981BE0AF3800ABB126 /* Base */,
			);
			name = LaunchScreen.storyboard;
			sourceTree = "<group>";
		};
/* End PBXVariantGroup section */

/* Begin XCBuildConfiguration section */
		D6B9E7B11BE0AF3800ABB126 /* Debug */ = {
			isa = XCBuildConfiguration;
			buildSettings = {
				ALWAYS_SEARCH_USER_PATHS = NO;
				CLANG_CXX_LANGUAGE_STANDARD = "gnu++0x";
				CLANG_CXX_LIBRARY = "libc++";
				CLANG_ENABLE_MODULES = YES;
				CLANG_ENABLE_OBJC_ARC = YES;
				CLANG_WARN_BOOL_CONVERSION = YES;
				CLANG_WARN_CONSTANT_CONVERSION = YES;
				CLANG_WARN_DIRECT_OBJC_ISA_USAGE = YES_ERROR;
				CLANG_WARN_EMPTY_BODY = YES;
				CLANG_WARN_ENUM_CONVERSION = YES;
				CLANG_WARN_INT_CONVERSION = YES;
				CLANG_WARN_OBJC_ROOT_CLASS = YES_ERROR;
				CLANG_WARN_UNREACHABLE_CODE = YES;
				CLANG_WARN__DUPLICATE_METHOD_MATCH = YES;
				"CODE_SIGN_IDENTITY[sdk=iphoneos*]" = "iPhone Developer";
				COPY_PHASE_STRIP = NO;
				DEBUG_INFORMATION_FORMAT = dwarf;
				ENABLE_STRICT_OBJC_MSGSEND = YES;
				ENABLE_TESTABILITY = YES;
				GCC_C_LANGUAGE_STANDARD = gnu99;
				GCC_DYNAMIC_NO_PIC = NO;
				GCC_NO_COMMON_BLOCKS = YES;
				GCC_OPTIMIZATION_LEVEL = 0;
				GCC_PREPROCESSOR_DEFINITIONS = (
					"DEBUG=1",
					"$(inherited)",
				);
				GCC_WARN_64_TO_32_BIT_CONVERSION = YES;
				GCC_WARN_ABOUT_RETURN_TYPE = YES_ERROR;
				GCC_WARN_UNDECLARED_SELECTOR = YES;
				GCC_WARN_UNINITIALIZED_AUTOS = YES_AGGRESSIVE;
				GCC_WARN_UNUSED_FUNCTION = YES;
				GCC_WARN_UNUSED_VARIABLE = YES;
				IPHONEOS_DEPLOYMENT_TARGET = 9.1;
				MTL_ENABLE_DEBUG_INFO = YES;
				ONLY_ACTIVE_ARCH = YES;
				SDKROOT = iphoneos;
				SWIFT_OPTIMIZATION_LEVEL = "-Onone";
			};
			name = Debug;
		};
		D6B9E7B21BE0AF3800ABB126 /* Release */ = {
			isa = XCBuildConfiguration;
			buildSettings = {
				ALWAYS_SEARCH_USER_PATHS = NO;
				CLANG_CXX_LANGUAGE_STANDARD = "gnu++0x";
				CLANG_CXX_LIBRARY = "libc++";
				CLANG_ENABLE_MODULES = YES;
				CLANG_ENABLE_OBJC_ARC = YES;
				CLANG_WARN_BOOL_CONVERSION = YES;
				CLANG_WARN_CONSTANT_CONVERSION = YES;
				CLANG_WARN_DIRECT_OBJC_ISA_USAGE = YES_ERROR;
				CLANG_WARN_EMPTY_BODY = YES;
				CLANG_WARN_ENUM_CONVERSION = YES;
				CLANG_WARN_INT_CONVERSION = YES;
				CLANG_WARN_OBJC_ROOT_CLASS = YES_ERROR;
				CLANG_WARN_UNREACHABLE_CODE = YES;
				CLANG_WARN__DUPLICATE_METHOD_MATCH = YES;
				"CODE_SIGN_IDENTITY[sdk=iphoneos*]" = "iPhone Developer";
				COPY_PHASE_STRIP = NO;
				DEBUG_INFORMATION_FORMAT = "dwarf-with-dsym";
				ENABLE_NS_ASSERTIONS = NO;
				ENABLE_STRICT_OBJC_MSGSEND = YES;
				GCC_C_LANGUAGE_STANDARD = gnu99;
				GCC_NO_COMMON_BLOCKS = YES;
				GCC_WARN_64_TO_32_BIT_CONVERSION = YES;
				GCC_WARN_ABOUT_RETURN_TYPE = YES_ERROR;
				GCC_WARN_UNDECLARED_SELECTOR = YES;
				GCC_WARN_UNINITIALIZED_AUTOS = YES_AGGRESSIVE;
				GCC_WARN_UNUSED_FUNCTION = YES;
				GCC_WARN_UNUSED_VARIABLE = YES;
				IPHONEOS_DEPLOYMENT_TARGET = 9.1;
				MTL_ENABLE_DEBUG_INFO = NO;
				SDKROOT = iphoneos;
				VALIDATE_PRODUCT = YES;
			};
			name = Release;
		};
		D6B9E7B41BE0AF3800ABB126 /* Debug */ = {
			isa = XCBuildConfiguration;
			buildSettings = {
				ASSETCATALOG_COMPILER_APPICON_NAME = AppIcon;
				INFOPLIST_FILE = Carousel/Info.plist;
				LD_RUNPATH_SEARCH_PATHS = "$(inherited) @executable_path/Frameworks";
				PRODUCT_BUNDLE_IDENTIFIER = haihong.Carousel;
				PRODUCT_NAME = "$(TARGET_NAME)";
			};
			name = Debug;
		};
		D6B9E7B51BE0AF3800ABB126 /* Release */ = {
			isa = XCBuildConfiguration;
			buildSettings = {
				ASSETCATALOG_COMPILER_APPICON_NAME = AppIcon;
				INFOPLIST_FILE = Carousel/Info.plist;
				LD_RUNPATH_SEARCH_PATHS = "$(inherited) @executable_path/Frameworks";
				PRODUCT_BUNDLE_IDENTIFIER = haihong.Carousel;
				PRODUCT_NAME = "$(TARGET_NAME)";
			};
			name = Release;
		};
		D6B9E7B71BE0AF3800ABB126 /* Debug */ = {
			isa = XCBuildConfiguration;
			buildSettings = {
				BUNDLE_LOADER = "$(TEST_HOST)";
				INFOPLIST_FILE = CarouselTests/Info.plist;
				LD_RUNPATH_SEARCH_PATHS = "$(inherited) @executable_path/Frameworks @loader_path/Frameworks";
				PRODUCT_BUNDLE_IDENTIFIER = haihong.CarouselTests;
				PRODUCT_NAME = "$(TARGET_NAME)";
				TEST_HOST = "$(BUILT_PRODUCTS_DIR)/Carousel.app/Carousel";
			};
			name = Debug;
		};
		D6B9E7B81BE0AF3800ABB126 /* Release */ = {
			isa = XCBuildConfiguration;
			buildSettings = {
				BUNDLE_LOADER = "$(TEST_HOST)";
				INFOPLIST_FILE = CarouselTests/Info.plist;
				LD_RUNPATH_SEARCH_PATHS = "$(inherited) @executable_path/Frameworks @loader_path/Frameworks";
				PRODUCT_BUNDLE_IDENTIFIER = haihong.CarouselTests;
				PRODUCT_NAME = "$(TARGET_NAME)";
				TEST_HOST = "$(BUILT_PRODUCTS_DIR)/Carousel.app/Carousel";
			};
			name = Release;
		};
		D6B9E7BA1BE0AF3800ABB126 /* Debug */ = {
			isa = XCBuildConfiguration;
			buildSettings = {
				INFOPLIST_FILE = CarouselUITests/Info.plist;
				LD_RUNPATH_SEARCH_PATHS = "$(inherited) @executable_path/Frameworks @loader_path/Frameworks";
				PRODUCT_BUNDLE_IDENTIFIER = haihong.CarouselUITests;
				PRODUCT_NAME = "$(TARGET_NAME)";
				TEST_TARGET_NAME = Carousel;
				USES_XCTRUNNER = YES;
			};
			name = Debug;
		};
		D6B9E7BB1BE0AF3800ABB126 /* Release */ = {
			isa = XCBuildConfiguration;
			buildSettings = {
				INFOPLIST_FILE = CarouselUITests/Info.plist;
				LD_RUNPATH_SEARCH_PATHS = "$(inherited) @executable_path/Frameworks @loader_path/Frameworks";
				PRODUCT_BUNDLE_IDENTIFIER = haihong.CarouselUITests;
				PRODUCT_NAME = "$(TARGET_NAME)";
				TEST_TARGET_NAME = Carousel;
				USES_XCTRUNNER = YES;
			};
			name = Release;
		};
/* End XCBuildConfiguration section */

/* Begin XCConfigurationList section */
		D6B9E7861BE0AF3800ABB126 /* Build configuration list for PBXProject "Carousel" */ = {
			isa = XCConfigurationList;
			buildConfigurations = (
				D6B9E7B11BE0AF3800ABB126 /* Debug */,
				D6B9E7B21BE0AF3800ABB126 /* Release */,
			);
			defaultConfigurationIsVisible = 0;
			defaultConfigurationName = Release;
		};
		D6B9E7B31BE0AF3800ABB126 /* Build configuration list for PBXNativeTarget "Carousel" */ = {
			isa = XCConfigurationList;
			buildConfigurations = (
				D6B9E7B41BE0AF3800ABB126 /* Debug */,
				D6B9E7B51BE0AF3800ABB126 /* Release */,
			);
			defaultConfigurationIsVisible = 0;
			defaultConfigurationName = Release;
		};
		D6B9E7B61BE0AF3800ABB126 /* Build configuration list for PBXNativeTarget "CarouselTests" */ = {
			isa = XCConfigurationList;
			buildConfigurations = (
				D6B9E7B71BE0AF3800ABB126 /* Debug */,
				D6B9E7B81BE0AF3800ABB126 /* Release */,
			);
			defaultConfigurationIsVisible = 0;
			defaultConfigurationName = Release;
		};
		D6B9E7B91BE0AF3800ABB126 /* Build configuration list for PBXNativeTarget "CarouselUITests" */ = {
			isa = XCConfigurationList;
			buildConfigurations = (
				D6B9E7BA1BE0AF3800ABB126 /* Debug */,
				D6B9E7BB1BE0AF3800ABB126 /* Release */,
			);
			defaultConfigurationIsVisible = 0;
			defaultConfigurationName = Release;
		};
/* End XCConfigurationList section */
	};
	rootObject = D6B9E7831BE0AF3800ABB126 /* Project object */;
}
